
Microsoft Visual Studio Solution File, Format Version 12.00
# Visual Studio Version 16
VisualStudioVersion = 16.0.30011.22
MinimumVisualStudioVersion = 10.0.40219.1
Project("{FAE04EC0-301F-11D3-BF4B-00C04F79EFBC}") = "lab1_2.Android", "lab1_2\lab1_2.Android\lab1_2.Android.csproj", "{EC9D3795-E438-479F-81E2-FC3B2743C66D}"
EndProject
Project("{FAE04EC0-301F-11D3-BF4B-00C04F79EFBC}") = "lab1_2", "lab1_2\lab1_2\lab1_2.csproj", "{62711314-040E-4477-A2B1-7F414C140E59}"
EndProject
Global
	GlobalSection(SolutionConfigurationPlatforms) = preSolution
		Debug|Any CPU = Debug|Any CPU
		Release|Any CPU = Release|Any CPU
	EndGlobalSection
	GlobalSection(ProjectConfigurationPlatforms) = postSolution
		{EC9D3795-E438-479F-81E2-FC3B2743C66D}.Debug|Any CPU.ActiveCfg = Debug|Any CPU
		{EC9D3795-E438-479F-81E2-FC3B2743C66D}.Debug|Any CPU.Build.0 = Debug|Any CPU
		{EC9D3795-E438-479F-81E2-FC3B2743C66D}.Debug|Any CPU.Deploy.0 = Debug|Any CPU
		{EC9D3795-E438-479F-81E2-FC3B2743C66D}.Release|Any CPU.ActiveCfg = Release|Any CPU
		{EC9D3795-E438-479F-81E2-FC3B2743C66D}.Release|Any CPU.Build.0 = Release|Any CPU
		{EC9D3795-E438-479F-81E2-FC3B2743C66D}.Release|Any CPU.Deploy.0 = Release|Any CPU
		{62711314-040E-4477-A2B1-7F414C140E59}.Debug|Any CPU.ActiveCfg = Debug|Any CPU
		{62711314-040E-4477-A2B1-7F414C140E59}.Debug|Any CPU.Build.0 = Debug|Any CPU
		{62711314-040E-4477-A2B1-7F414C140E59}.Debug|Any CPU.Deploy.0 = Debug|Any CPU
		{62711314-040E-4477-A2B1-7F414C140E59}.Release|Any CPU.ActiveCfg = Release|Any CPU
		{62711314-040E-4477-A2B1-7F414C140E59}.Release|Any CPU.Build.0 = Release|Any CPU
		{62711314-040E-4477-A2B1-7F414C140E59}.Release|Any CPU.Deploy.0 = Release|Any CPU
	EndGlobalSection
	GlobalSection(SolutionProperties) = preSolution
		HideSolutionNode = FALSE
	EndGlobalSection
	GlobalSection(ExtensibilityGlobals) = postSolution
		SolutionGuid = {4C6B2822-9905-4BEC-A3FE-3E9755E86BD3}
	EndGlobalSection
EndGlobal
