
Microsoft Visual Studio Solution File, Format Version 12.00
# Visual Studio Version 16
VisualStudioVersion = 16.0.29409.12
MinimumVisualStudioVersion = 10.0.40219.1
Project("{FAE04EC0-301F-11D3-BF4B-00C04F79EFBC}") = "FuzzyLog", "FuzzyLog\FuzzyLog.csproj", "{13369352-5461-4843-A925-A7A6689A05E1}"
EndProject
Global
	GlobalSection(SolutionConfigurationPlatforms) = preSolution
		Debug|Any CPU = Debug|Any CPU
		Release|Any CPU = Release|Any CPU
	EndGlobalSection
	GlobalSection(ProjectConfigurationPlatforms) = postSolution
		{13369352-5461-4843-A925-A7A6689A05E1}.Debug|Any CPU.ActiveCfg = Debug|Any CPU
		{13369352-5461-4843-A925-A7A6689A05E1}.Debug|Any CPU.Build.0 = Debug|Any CPU
		{13369352-5461-4843-A925-A7A6689A05E1}.Release|Any CPU.ActiveCfg = Release|Any CPU
		{13369352-5461-4843-A925-A7A6689A05E1}.Release|Any CPU.Build.0 = Release|Any CPU
	EndGlobalSection
	GlobalSection(SolutionProperties) = preSolution
		HideSolutionNode = FALSE
	EndGlobalSection
	GlobalSection(ExtensibilityGlobals) = postSolution
		SolutionGuid = {EB5208FB-F109-402C-9A7A-685CA08C8BC1}
	EndGlobalSection
EndGlobal
