
Microsoft Visual Studio Solution File, Format Version 12.00
# Visual Studio Version 16
VisualStudioVersion = 16.0.29409.12
MinimumVisualStudioVersion = 10.0.40219.1
Project("{FAE04EC0-301F-11D3-BF4B-00C04F79EFBC}") = "TurGame", "TurGame\TurGame.csproj", "{B884CADF-F3B6-4A62-8F1B-2C2B1A0AF7B5}"
EndProject
Global
	GlobalSection(SolutionConfigurationPlatforms) = preSolution
		Debug|Any CPU = Debug|Any CPU
		Release|Any CPU = Release|Any CPU
	EndGlobalSection
	GlobalSection(ProjectConfigurationPlatforms) = postSolution
		{B884CADF-F3B6-4A62-8F1B-2C2B1A0AF7B5}.Debug|Any CPU.ActiveCfg = Debug|Any CPU
		{B884CADF-F3B6-4A62-8F1B-2C2B1A0AF7B5}.Debug|Any CPU.Build.0 = Debug|Any CPU
		{B884CADF-F3B6-4A62-8F1B-2C2B1A0AF7B5}.Release|Any CPU.ActiveCfg = Release|Any CPU
		{B884CADF-F3B6-4A62-8F1B-2C2B1A0AF7B5}.Release|Any CPU.Build.0 = Release|Any CPU
	EndGlobalSection
	GlobalSection(SolutionProperties) = preSolution
		HideSolutionNode = FALSE
	EndGlobalSection
	GlobalSection(ExtensibilityGlobals) = postSolution
		SolutionGuid = {1282EF3C-0AB6-4DD6-9B3F-96D0719BAF16}
	EndGlobalSection
EndGlobal
