
Microsoft Visual Studio Solution File, Format Version 12.00
# Visual Studio Version 16
VisualStudioVersion = 16.0.30011.22
MinimumVisualStudioVersion = 10.0.40219.1
Project("{FAE04EC0-301F-11D3-BF4B-00C04F79EFBC}") = "AndroidXamarinTestApp.UWP", "AndroidXamarinTestApp\AndroidXamarinTestApp.UWP\AndroidXamarinTestApp.UWP.csproj", "{3F4E95FB-BCD9-4A16-A376-D093A8660CC2}"
EndProject
Project("{FAE04EC0-301F-11D3-BF4B-00C04F79EFBC}") = "AndroidXamarinTestApp.Android", "AndroidXamarinTestApp\AndroidXamarinTestApp.Android\AndroidXamarinTestApp.Android.csproj", "{7C8440C1-2051-4968-9061-BEDC8935727C}"
EndProject
Project("{FAE04EC0-301F-11D3-BF4B-00C04F79EFBC}") = "AndroidXamarinTestApp.iOS", "AndroidXamarinTestApp\AndroidXamarinTestApp.iOS\AndroidXamarinTestApp.iOS.csproj", "{4AC7261E-F52B-44DB-A935-705ECE923937}"
EndProject
Project("{FAE04EC0-301F-11D3-BF4B-00C04F79EFBC}") = "AndroidXamarinTestApp", "AndroidXamarinTestApp\AndroidXamarinTestApp\AndroidXamarinTestApp.csproj", "{46D01CEC-0509-415F-86B3-8928062EA6B5}"
EndProject
Global
	GlobalSection(SolutionConfigurationPlatforms) = preSolution
		Debug|Any CPU = Debug|Any CPU
		Debug|ARM = Debug|ARM
		Debug|iPhone = Debug|iPhone
		Debug|iPhoneSimulator = Debug|iPhoneSimulator
		Debug|x64 = Debug|x64
		Debug|x86 = Debug|x86
		Release|Any CPU = Release|Any CPU
		Release|ARM = Release|ARM
		Release|iPhone = Release|iPhone
		Release|iPhoneSimulator = Release|iPhoneSimulator
		Release|x64 = Release|x64
		Release|x86 = Release|x86
	EndGlobalSection
	GlobalSection(ProjectConfigurationPlatforms) = postSolution
		{3F4E95FB-BCD9-4A16-A376-D093A8660CC2}.Debug|Any CPU.ActiveCfg = Debug|x86
		{3F4E95FB-BCD9-4A16-A376-D093A8660CC2}.Debug|Any CPU.Build.0 = Debug|x86
		{3F4E95FB-BCD9-4A16-A376-D093A8660CC2}.Debug|Any CPU.Deploy.0 = Debug|x86
		{3F4E95FB-BCD9-4A16-A376-D093A8660CC2}.Debug|ARM.ActiveCfg = Debug|ARM
		{3F4E95FB-BCD9-4A16-A376-D093A8660CC2}.Debug|ARM.Build.0 = Debug|ARM
		{3F4E95FB-BCD9-4A16-A376-D093A8660CC2}.Debug|ARM.Deploy.0 = Debug|ARM
		{3F4E95FB-BCD9-4A16-A376-D093A8660CC2}.Debug|iPhone.ActiveCfg = Debug|x86
		{3F4E95FB-BCD9-4A16-A376-D093A8660CC2}.Debug|iPhone.Build.0 = Debug|x86
		{3F4E95FB-BCD9-4A16-A376-D093A8660CC2}.Debug|iPhone.Deploy.0 = Debug|x86
		{3F4E95FB-BCD9-4A16-A376-D093A8660CC2}.Debug|iPhoneSimulator.ActiveCfg = Debug|x86
		{3F4E95FB-BCD9-4A16-A376-D093A8660CC2}.Debug|iPhoneSimulator.Build.0 = Debug|x86
		{3F4E95FB-BCD9-4A16-A376-D093A8660CC2}.Debug|iPhoneSimulator.Deploy.0 = Debug|x86
		{3F4E95FB-BCD9-4A16-A376-D093A8660CC2}.Debug|x64.ActiveCfg = Debug|x64
		{3F4E95FB-BCD9-4A16-A376-D093A8660CC2}.Debug|x64.Build.0 = Debug|x64
		{3F4E95FB-BCD9-4A16-A376-D093A8660CC2}.Debug|x64.Deploy.0 = Debug|x64
		{3F4E95FB-BCD9-4A16-A376-D093A8660CC2}.Debug|x86.ActiveCfg = Debug|x86
		{3F4E95FB-BCD9-4A16-A376-D093A8660CC2}.Debug|x86.Build.0 = Debug|x86
		{3F4E95FB-BCD9-4A16-A376-D093A8660CC2}.Debug|x86.Deploy.0 = Debug|x86
		{3F4E95FB-BCD9-4A16-A376-D093A8660CC2}.Release|Any CPU.ActiveCfg = Release|x86
		{3F4E95FB-BCD9-4A16-A376-D093A8660CC2}.Release|Any CPU.Build.0 = Release|x86
		{3F4E95FB-BCD9-4A16-A376-D093A8660CC2}.Release|Any CPU.Deploy.0 = Release|x86
		{3F4E95FB-BCD9-4A16-A376-D093A8660CC2}.Release|ARM.ActiveCfg = Release|ARM
		{3F4E95FB-BCD9-4A16-A376-D093A8660CC2}.Release|ARM.Build.0 = Release|ARM
		{3F4E95FB-BCD9-4A16-A376-D093A8660CC2}.Release|ARM.Deploy.0 = Release|ARM
		{3F4E95FB-BCD9-4A16-A376-D093A8660CC2}.Release|iPhone.ActiveCfg = Release|x86
		{3F4E95FB-BCD9-4A16-A376-D093A8660CC2}.Release|iPhone.Build.0 = Release|x86
		{3F4E95FB-BCD9-4A16-A376-D093A8660CC2}.Release|iPhone.Deploy.0 = Release|x86
		{3F4E95FB-BCD9-4A16-A376-D093A8660CC2}.Release|iPhoneSimulator.ActiveCfg = Release|x86
		{3F4E95FB-BCD9-4A16-A376-D093A8660CC2}.Release|iPhoneSimulator.Build.0 = Release|x86
		{3F4E95FB-BCD9-4A16-A376-D093A8660CC2}.Release|iPhoneSimulator.Deploy.0 = Release|x86
		{3F4E95FB-BCD9-4A16-A376-D093A8660CC2}.Release|x64.ActiveCfg = Release|x64
		{3F4E95FB-BCD9-4A16-A376-D093A8660CC2}.Release|x64.Build.0 = Release|x64
		{3F4E95FB-BCD9-4A16-A376-D093A8660CC2}.Release|x64.Deploy.0 = Release|x64
		{3F4E95FB-BCD9-4A16-A376-D093A8660CC2}.Release|x86.ActiveCfg = Release|x86
		{3F4E95FB-BCD9-4A16-A376-D093A8660CC2}.Release|x86.Build.0 = Release|x86
		{3F4E95FB-BCD9-4A16-A376-D093A8660CC2}.Release|x86.Deploy.0 = Release|x86
		{7C8440C1-2051-4968-9061-BEDC8935727C}.Debug|Any CPU.ActiveCfg = Debug|Any CPU
		{7C8440C1-2051-4968-9061-BEDC8935727C}.Debug|Any CPU.Build.0 = Debug|Any CPU
		{7C8440C1-2051-4968-9061-BEDC8935727C}.Debug|Any CPU.Deploy.0 = Debug|Any CPU
		{7C8440C1-2051-4968-9061-BEDC8935727C}.Debug|ARM.ActiveCfg = Debug|Any CPU
		{7C8440C1-2051-4968-9061-BEDC8935727C}.Debug|ARM.Build.0 = Debug|Any CPU
		{7C8440C1-2051-4968-9061-BEDC8935727C}.Debug|ARM.Deploy.0 = Debug|Any CPU
		{7C8440C1-2051-4968-9061-BEDC8935727C}.Debug|iPhone.ActiveCfg = Debug|Any CPU
		{7C8440C1-2051-4968-9061-BEDC8935727C}.Debug|iPhone.Build.0 = Debug|Any CPU
		{7C8440C1-2051-4968-9061-BEDC8935727C}.Debug|iPhone.Deploy.0 = Debug|Any CPU
		{7C8440C1-2051-4968-9061-BEDC8935727C}.Debug|iPhoneSimulator.ActiveCfg = Debug|Any CPU
		{7C8440C1-2051-4968-9061-BEDC8935727C}.Debug|iPhoneSimulator.Build.0 = Debug|Any CPU
		{7C8440C1-2051-4968-9061-BEDC8935727C}.Debug|iPhoneSimulator.Deploy.0 = Debug|Any CPU
		{7C8440C1-2051-4968-9061-BEDC8935727C}.Debug|x64.ActiveCfg = Debug|Any CPU
		{7C8440C1-2051-4968-9061-BEDC8935727C}.Debug|x64.Build.0 = Debug|Any CPU
		{7C8440C1-2051-4968-9061-BEDC8935727C}.Debug|x64.Deploy.0 = Debug|Any CPU
		{7C8440C1-2051-4968-9061-BEDC8935727C}.Debug|x86.ActiveCfg = Debug|Any CPU
		{7C8440C1-2051-4968-9061-BEDC8935727C}.Debug|x86.Build.0 = Debug|Any CPU
		{7C8440C1-2051-4968-9061-BEDC8935727C}.Debug|x86.Deploy.0 = Debug|Any CPU
		{7C8440C1-2051-4968-9061-BEDC8935727C}.Release|Any CPU.ActiveCfg = Release|Any CPU
		{7C8440C1-2051-4968-9061-BEDC8935727C}.Release|Any CPU.Build.0 = Release|Any CPU
		{7C8440C1-2051-4968-9061-BEDC8935727C}.Release|Any CPU.Deploy.0 = Release|Any CPU
		{7C8440C1-2051-4968-9061-BEDC8935727C}.Release|ARM.ActiveCfg = Release|Any CPU
		{7C8440C1-2051-4968-9061-BEDC8935727C}.Release|ARM.Build.0 = Release|Any CPU
		{7C8440C1-2051-4968-9061-BEDC8935727C}.Release|ARM.Deploy.0 = Release|Any CPU
		{7C8440C1-2051-4968-9061-BEDC8935727C}.Release|iPhone.ActiveCfg = Release|Any CPU
		{7C8440C1-2051-4968-9061-BEDC8935727C}.Release|iPhone.Build.0 = Release|Any CPU
		{7C8440C1-2051-4968-9061-BEDC8935727C}.Release|iPhone.Deploy.0 = Release|Any CPU
		{7C8440C1-2051-4968-9061-BEDC8935727C}.Release|iPhoneSimulator.ActiveCfg = Release|Any CPU
		{7C8440C1-2051-4968-9061-BEDC8935727C}.Release|iPhoneSimulator.Build.0 = Release|Any CPU
		{7C8440C1-2051-4968-9061-BEDC8935727C}.Release|iPhoneSimulator.Deploy.0 = Release|Any CPU
		{7C8440C1-2051-4968-9061-BEDC8935727C}.Release|x64.ActiveCfg = Release|Any CPU
		{7C8440C1-2051-4968-9061-BEDC8935727C}.Release|x64.Build.0 = Release|Any CPU
		{7C8440C1-2051-4968-9061-BEDC8935727C}.Release|x64.Deploy.0 = Release|Any CPU
		{7C8440C1-2051-4968-9061-BEDC8935727C}.Release|x86.ActiveCfg = Release|Any CPU
		{7C8440C1-2051-4968-9061-BEDC8935727C}.Release|x86.Build.0 = Release|Any CPU
		{7C8440C1-2051-4968-9061-BEDC8935727C}.Release|x86.Deploy.0 = Release|Any CPU
		{4AC7261E-F52B-44DB-A935-705ECE923937}.Debug|Any CPU.ActiveCfg = Debug|iPhone
		{4AC7261E-F52B-44DB-A935-705ECE923937}.Debug|Any CPU.Build.0 = Debug|iPhone
		{4AC7261E-F52B-44DB-A935-705ECE923937}.Debug|Any CPU.Deploy.0 = Debug|iPhone
		{4AC7261E-F52B-44DB-A935-705ECE923937}.Debug|ARM.ActiveCfg = Debug|iPhone
		{4AC7261E-F52B-44DB-A935-705ECE923937}.Debug|ARM.Build.0 = Debug|iPhone
		{4AC7261E-F52B-44DB-A935-705ECE923937}.Debug|ARM.Deploy.0 = Debug|iPhone
		{4AC7261E-F52B-44DB-A935-705ECE923937}.Debug|iPhone.ActiveCfg = Debug|iPhone
		{4AC7261E-F52B-44DB-A935-705ECE923937}.Debug|iPhone.Build.0 = Debug|iPhone
		{4AC7261E-F52B-44DB-A935-705ECE923937}.Debug|iPhone.Deploy.0 = Debug|iPhone
		{4AC7261E-F52B-44DB-A935-705ECE923937}.Debug|iPhoneSimulator.ActiveCfg = Debug|iPhoneSimulator
		{4AC7261E-F52B-44DB-A935-705ECE923937}.Debug|iPhoneSimulator.Build.0 = Debug|iPhoneSimulator
		{4AC7261E-F52B-44DB-A935-705ECE923937}.Debug|iPhoneSimulator.Deploy.0 = Debug|iPhoneSimulator
		{4AC7261E-F52B-44DB-A935-705ECE923937}.Debug|x64.ActiveCfg = Debug|iPhone
		{4AC7261E-F52B-44DB-A935-705ECE923937}.Debug|x64.Build.0 = Debug|iPhone
		{4AC7261E-F52B-44DB-A935-705ECE923937}.Debug|x64.Deploy.0 = Debug|iPhone
		{4AC7261E-F52B-44DB-A935-705ECE923937}.Debug|x86.ActiveCfg = Debug|iPhone
		{4AC7261E-F52B-44DB-A935-705ECE923937}.Debug|x86.Build.0 = Debug|iPhone
		{4AC7261E-F52B-44DB-A935-705ECE923937}.Debug|x86.Deploy.0 = Debug|iPhone
		{4AC7261E-F52B-44DB-A935-705ECE923937}.Release|Any CPU.ActiveCfg = Release|iPhone
		{4AC7261E-F52B-44DB-A935-705ECE923937}.Release|Any CPU.Build.0 = Release|iPhone
		{4AC7261E-F52B-44DB-A935-705ECE923937}.Release|Any CPU.Deploy.0 = Release|iPhone
		{4AC7261E-F52B-44DB-A935-705ECE923937}.Release|ARM.ActiveCfg = Release|iPhone
		{4AC7261E-F52B-44DB-A935-705ECE923937}.Release|ARM.Build.0 = Release|iPhone
		{4AC7261E-F52B-44DB-A935-705ECE923937}.Release|ARM.Deploy.0 = Release|iPhone
		{4AC7261E-F52B-44DB-A935-705ECE923937}.Release|iPhone.ActiveCfg = Release|iPhone
		{4AC7261E-F52B-44DB-A935-705ECE923937}.Release|iPhone.Build.0 = Release|iPhone
		{4AC7261E-F52B-44DB-A935-705ECE923937}.Release|iPhone.Deploy.0 = Release|iPhone
		{4AC7261E-F52B-44DB-A935-705ECE923937}.Release|iPhoneSimulator.ActiveCfg = Release|iPhoneSimulator
		{4AC7261E-F52B-44DB-A935-705ECE923937}.Release|iPhoneSimulator.Build.0 = Release|iPhoneSimulator
		{4AC7261E-F52B-44DB-A935-705ECE923937}.Release|iPhoneSimulator.Deploy.0 = Release|iPhoneSimulator
		{4AC7261E-F52B-44DB-A935-705ECE923937}.Release|x64.ActiveCfg = Release|iPhone
		{4AC7261E-F52B-44DB-A935-705ECE923937}.Release|x64.Build.0 = Release|iPhone
		{4AC7261E-F52B-44DB-A935-705ECE923937}.Release|x64.Deploy.0 = Release|iPhone
		{4AC7261E-F52B-44DB-A935-705ECE923937}.Release|x86.ActiveCfg = Release|iPhone
		{4AC7261E-F52B-44DB-A935-705ECE923937}.Release|x86.Build.0 = Release|iPhone
		{4AC7261E-F52B-44DB-A935-705ECE923937}.Release|x86.Deploy.0 = Release|iPhone
		{46D01CEC-0509-415F-86B3-8928062EA6B5}.Debug|Any CPU.ActiveCfg = Debug|Any CPU
		{46D01CEC-0509-415F-86B3-8928062EA6B5}.Debug|Any CPU.Build.0 = Debug|Any CPU
		{46D01CEC-0509-415F-86B3-8928062EA6B5}.Debug|Any CPU.Deploy.0 = Debug|Any CPU
		{46D01CEC-0509-415F-86B3-8928062EA6B5}.Debug|ARM.ActiveCfg = Debug|Any CPU
		{46D01CEC-0509-415F-86B3-8928062EA6B5}.Debug|ARM.Build.0 = Debug|Any CPU
		{46D01CEC-0509-415F-86B3-8928062EA6B5}.Debug|ARM.Deploy.0 = Debug|Any CPU
		{46D01CEC-0509-415F-86B3-8928062EA6B5}.Debug|iPhone.ActiveCfg = Debug|Any CPU
		{46D01CEC-0509-415F-86B3-8928062EA6B5}.Debug|iPhone.Build.0 = Debug|Any CPU
		{46D01CEC-0509-415F-86B3-8928062EA6B5}.Debug|iPhone.Deploy.0 = Debug|Any CPU
		{46D01CEC-0509-415F-86B3-8928062EA6B5}.Debug|iPhoneSimulator.ActiveCfg = Debug|Any CPU
		{46D01CEC-0509-415F-86B3-8928062EA6B5}.Debug|iPhoneSimulator.Build.0 = Debug|Any CPU
		{46D01CEC-0509-415F-86B3-8928062EA6B5}.Debug|iPhoneSimulator.Deploy.0 = Debug|Any CPU
		{46D01CEC-0509-415F-86B3-8928062EA6B5}.Debug|x64.ActiveCfg = Debug|Any CPU
		{46D01CEC-0509-415F-86B3-8928062EA6B5}.Debug|x64.Build.0 = Debug|Any CPU
		{46D01CEC-0509-415F-86B3-8928062EA6B5}.Debug|x64.Deploy.0 = Debug|Any CPU
		{46D01CEC-0509-415F-86B3-8928062EA6B5}.Debug|x86.ActiveCfg = Debug|Any CPU
		{46D01CEC-0509-415F-86B3-8928062EA6B5}.Debug|x86.Build.0 = Debug|Any CPU
		{46D01CEC-0509-415F-86B3-8928062EA6B5}.Debug|x86.Deploy.0 = Debug|Any CPU
		{46D01CEC-0509-415F-86B3-8928062EA6B5}.Release|Any CPU.ActiveCfg = Release|Any CPU
		{46D01CEC-0509-415F-86B3-8928062EA6B5}.Release|Any CPU.Build.0 = Release|Any CPU
		{46D01CEC-0509-415F-86B3-8928062EA6B5}.Release|Any CPU.Deploy.0 = Release|Any CPU
		{46D01CEC-0509-415F-86B3-8928062EA6B5}.Release|ARM.ActiveCfg = Release|Any CPU
		{46D01CEC-0509-415F-86B3-8928062EA6B5}.Release|ARM.Build.0 = Release|Any CPU
		{46D01CEC-0509-415F-86B3-8928062EA6B5}.Release|ARM.Deploy.0 = Release|Any CPU
		{46D01CEC-0509-415F-86B3-8928062EA6B5}.Release|iPhone.ActiveCfg = Release|Any CPU
		{46D01CEC-0509-415F-86B3-8928062EA6B5}.Release|iPhone.Build.0 = Release|Any CPU
		{46D01CEC-0509-415F-86B3-8928062EA6B5}.Release|iPhone.Deploy.0 = Release|Any CPU
		{46D01CEC-0509-415F-86B3-8928062EA6B5}.Release|iPhoneSimulator.ActiveCfg = Release|Any CPU
		{46D01CEC-0509-415F-86B3-8928062EA6B5}.Release|iPhoneSimulator.Build.0 = Release|Any CPU
		{46D01CEC-0509-415F-86B3-8928062EA6B5}.Release|iPhoneSimulator.Deploy.0 = Release|Any CPU
		{46D01CEC-0509-415F-86B3-8928062EA6B5}.Release|x64.ActiveCfg = Release|Any CPU
		{46D01CEC-0509-415F-86B3-8928062EA6B5}.Release|x64.Build.0 = Release|Any CPU
		{46D01CEC-0509-415F-86B3-8928062EA6B5}.Release|x64.Deploy.0 = Release|Any CPU
		{46D01CEC-0509-415F-86B3-8928062EA6B5}.Release|x86.ActiveCfg = Release|Any CPU
		{46D01CEC-0509-415F-86B3-8928062EA6B5}.Release|x86.Build.0 = Release|Any CPU
		{46D01CEC-0509-415F-86B3-8928062EA6B5}.Release|x86.Deploy.0 = Release|Any CPU
	EndGlobalSection
	GlobalSection(SolutionProperties) = preSolution
		HideSolutionNode = FALSE
	EndGlobalSection
	GlobalSection(ExtensibilityGlobals) = postSolution
		SolutionGuid = {989A8D95-B23C-411D-9318-6F39C2B8614F}
	EndGlobalSection
EndGlobal
