
Microsoft Visual Studio Solution File, Format Version 12.00
# Visual Studio Version 16
VisualStudioVersion = 16.0.30011.22
MinimumVisualStudioVersion = 10.0.40219.1
Project("{FAE04EC0-301F-11D3-BF4B-00C04F79EFBC}") = "qrCoDeGeneRatorr", "qrCoDeGeneRatorr\qrCoDeGeneRatorr.csproj", "{27229990-7E40-4697-9E66-36CC6A4C89DD}"
EndProject
Global
	GlobalSection(SolutionConfigurationPlatforms) = preSolution
		Debug|Any CPU = Debug|Any CPU
		Release|Any CPU = Release|Any CPU
	EndGlobalSection
	GlobalSection(ProjectConfigurationPlatforms) = postSolution
		{27229990-7E40-4697-9E66-36CC6A4C89DD}.Debug|Any CPU.ActiveCfg = Debug|Any CPU
		{27229990-7E40-4697-9E66-36CC6A4C89DD}.Debug|Any CPU.Build.0 = Debug|Any CPU
		{27229990-7E40-4697-9E66-36CC6A4C89DD}.Release|Any CPU.ActiveCfg = Release|Any CPU
		{27229990-7E40-4697-9E66-36CC6A4C89DD}.Release|Any CPU.Build.0 = Release|Any CPU
	EndGlobalSection
	GlobalSection(SolutionProperties) = preSolution
		HideSolutionNode = FALSE
	EndGlobalSection
	GlobalSection(ExtensibilityGlobals) = postSolution
		SolutionGuid = {3A544E8F-F7CA-4636-B93F-17DD357CA34B}
	EndGlobalSection
EndGlobal
