
Microsoft Visual Studio Solution File, Format Version 12.00
# Visual Studio Version 16
VisualStudioVersion = 16.0.30011.22
MinimumVisualStudioVersion = 10.0.40219.1
Project("{FAE04EC0-301F-11D3-BF4B-00C04F79EFBC}") = "AndroidLab3.Android", "AndroidLab3\AndroidLab3.Android\AndroidLab3.Android.csproj", "{01CE9351-771C-4E35-A540-229B8E819FDD}"
EndProject
Project("{FAE04EC0-301F-11D3-BF4B-00C04F79EFBC}") = "AndroidLab3", "AndroidLab3\AndroidLab3\AndroidLab3.csproj", "{14E1FCAA-6C54-4888-AB3F-A17F7B2D420E}"
EndProject
Global
	GlobalSection(SolutionConfigurationPlatforms) = preSolution
		Debug|Any CPU = Debug|Any CPU
		Release|Any CPU = Release|Any CPU
	EndGlobalSection
	GlobalSection(ProjectConfigurationPlatforms) = postSolution
		{01CE9351-771C-4E35-A540-229B8E819FDD}.Debug|Any CPU.ActiveCfg = Debug|Any CPU
		{01CE9351-771C-4E35-A540-229B8E819FDD}.Debug|Any CPU.Build.0 = Debug|Any CPU
		{01CE9351-771C-4E35-A540-229B8E819FDD}.Debug|Any CPU.Deploy.0 = Debug|Any CPU
		{01CE9351-771C-4E35-A540-229B8E819FDD}.Release|Any CPU.ActiveCfg = Release|Any CPU
		{01CE9351-771C-4E35-A540-229B8E819FDD}.Release|Any CPU.Build.0 = Release|Any CPU
		{01CE9351-771C-4E35-A540-229B8E819FDD}.Release|Any CPU.Deploy.0 = Release|Any CPU
		{14E1FCAA-6C54-4888-AB3F-A17F7B2D420E}.Debug|Any CPU.ActiveCfg = Debug|Any CPU
		{14E1FCAA-6C54-4888-AB3F-A17F7B2D420E}.Debug|Any CPU.Build.0 = Debug|Any CPU
		{14E1FCAA-6C54-4888-AB3F-A17F7B2D420E}.Debug|Any CPU.Deploy.0 = Debug|Any CPU
		{14E1FCAA-6C54-4888-AB3F-A17F7B2D420E}.Release|Any CPU.ActiveCfg = Release|Any CPU
		{14E1FCAA-6C54-4888-AB3F-A17F7B2D420E}.Release|Any CPU.Build.0 = Release|Any CPU
		{14E1FCAA-6C54-4888-AB3F-A17F7B2D420E}.Release|Any CPU.Deploy.0 = Release|Any CPU
	EndGlobalSection
	GlobalSection(SolutionProperties) = preSolution
		HideSolutionNode = FALSE
	EndGlobalSection
	GlobalSection(ExtensibilityGlobals) = postSolution
		SolutionGuid = {E465FA81-93E3-4DFE-9ACF-A138F8D51461}
	EndGlobalSection
EndGlobal
