
Microsoft Visual Studio Solution File, Format Version 12.00
# Visual Studio Version 16
VisualStudioVersion = 16.0.30011.22
MinimumVisualStudioVersion = 10.0.40219.1
Project("{FAE04EC0-301F-11D3-BF4B-00C04F79EFBC}") = "WindowsFormsTest", "WindowsFormsTest\WindowsFormsTest.csproj", "{7A366910-DC51-4300-BBA2-F0FF34F4CC8D}"
EndProject
Global
	GlobalSection(SolutionConfigurationPlatforms) = preSolution
		Debug|Any CPU = Debug|Any CPU
		Release|Any CPU = Release|Any CPU
	EndGlobalSection
	GlobalSection(ProjectConfigurationPlatforms) = postSolution
		{7A366910-DC51-4300-BBA2-F0FF34F4CC8D}.Debug|Any CPU.ActiveCfg = Debug|Any CPU
		{7A366910-DC51-4300-BBA2-F0FF34F4CC8D}.Debug|Any CPU.Build.0 = Debug|Any CPU
		{7A366910-DC51-4300-BBA2-F0FF34F4CC8D}.Release|Any CPU.ActiveCfg = Release|Any CPU
		{7A366910-DC51-4300-BBA2-F0FF34F4CC8D}.Release|Any CPU.Build.0 = Release|Any CPU
	EndGlobalSection
	GlobalSection(SolutionProperties) = preSolution
		HideSolutionNode = FALSE
	EndGlobalSection
	GlobalSection(ExtensibilityGlobals) = postSolution
		SolutionGuid = {ADE6F6EC-9ACC-46B3-B4CE-FD6B6A6E62BD}
	EndGlobalSection
EndGlobal
